<Solution>
  <Project Path="InterStyle.AppHost/InterStyle.AppHost.csproj" Id="8cc97388-30cc-40d1-94aa-d5720a93aa79" />
  <Project Path="InterStyle.Leads.Domain/InterStyle.Leads.Domain.csproj" Id="21864190-e8eb-4cf4-88f7-008dee7195d7" />
  <Project Path="InterStyle.Shared/InterStyle.Shared.csproj" Id="8a932dfb-da38-4b41-aeae-981a10bc73f4" />
</Solution>
